# THIS IS AN AUTOGENERATED FILE. DO NOT EDIT THIS FILE DIRECTLY.
# yarn lockfile v1


"@atomist/cortex@^0.24.0":
  version "0.24.0"
  resolved "https://registry.yarnpkg.com/@atomist/cortex/-/cortex-0.24.0.tgz#72eefdeba3ac6baa972efedfd25697f53edae276"
  dependencies:
    "@atomist/rug" "0.24.0"

"@atomist/rug@0.24.0", "@atomist/rug@^0.24.0":
  version "0.24.0"
  resolved "https://registry.yarnpkg.com/@atomist/rug/-/rug-0.24.0.tgz#2b53eb62fc63c90b1624430b39abbee88694fba5"

"@atomist/rugs@^0.21.0":
  version "0.21.0"
  resolved "https://registry.yarnpkg.com/@atomist/rugs/-/rugs-0.21.0.tgz#ce8779e5828af407808096bb199832c841e3dec4"
  dependencies:
    "@atomist/cortex" "^0.24.0"
    "@atomist/rug" "^0.24.0"
    mustache "^2.3.0"

"@types/mustache@^0.8.29":
  version "0.8.29"
  resolved "https://registry.yarnpkg.com/@types/mustache/-/mustache-0.8.29.tgz#7a6f13e8f23ff5bcbaaec484888400b2a4427b41"

mustache@^2.3.0:
  version "2.3.0"
  resolved "https://registry.yarnpkg.com/mustache/-/mustache-2.3.0.tgz#4028f7778b17708a489930a6e52ac3bca0da41d0"
