# THIS IS AN AUTOGENERATED FILE. DO NOT EDIT THIS FILE DIRECTLY.
# yarn lockfile v1


"@atomist/cortex@0.30.0":
  version "0.30.0"
  resolved "https://registry.yarnpkg.com/@atomist/cortex/-/cortex-0.30.0.tgz#d409ec9a050411bc82f9b3776226470f22bc6889"
  dependencies:
    "@atomist/rug" "0.25.0"

"@atomist/rug@0.25.0":
  version "0.25.0"
  resolved "https://registry.yarnpkg.com/@atomist/rug/-/rug-0.25.0.tgz#c8435bce3040a667ab49617e99ab10da18852253"

"@atomist/rugs@^0.24.0":
  version "0.24.0"
  resolved "https://registry.yarnpkg.com/@atomist/rugs/-/rugs-0.24.0.tgz#47b4483385eace6229e6f96fe122c4241e3621cf"
  dependencies:
    "@atomist/cortex" "0.30.0"
    "@atomist/rug" "0.25.0"
    mustache "^2.3.0"

"@types/mustache@^0.8.29":
  version "0.8.29"
  resolved "https://registry.yarnpkg.com/@types/mustache/-/mustache-0.8.29.tgz#7a6f13e8f23ff5bcbaaec484888400b2a4427b41"

mustache@^2.3.0:
  version "2.3.0"
  resolved "https://registry.yarnpkg.com/mustache/-/mustache-2.3.0.tgz#4028f7778b17708a489930a6e52ac3bca0da41d0"
